
Microsoft Visual Studio Solution File, Format Version 12.00
# Visual Studio Version 17
VisualStudioVersion = 17.0.32002.185
MinimumVisualStudioVersion = 10.0.40219.1
Project("{FAE04EC0-301F-11D3-BF4B-00C04F79EFBC}") = "Portafolio", "Portafolio\Portafolio.csproj", "{7771CA9B-8119-4CDE-8C0C-039C860E591A}"
EndProject
Global
	GlobalSection(SolutionConfigurationPlatforms) = preSolution
		Debug|Any CPU = Debug|Any CPU
		Release|Any CPU = Release|Any CPU
	EndGlobalSection
	GlobalSection(ProjectConfigurationPlatforms) = postSolution
		{7771CA9B-8119-4CDE-8C0C-039C860E591A}.Debug|Any CPU.ActiveCfg = Debug|Any CPU
		{7771CA9B-8119-4CDE-8C0C-039C860E591A}.Debug|Any CPU.Build.0 = Debug|Any CPU
		{7771CA9B-8119-4CDE-8C0C-039C860E591A}.Release|Any CPU.ActiveCfg = Release|Any CPU
		{7771CA9B-8119-4CDE-8C0C-039C860E591A}.Release|Any CPU.Build.0 = Release|Any CPU
	EndGlobalSection
	GlobalSection(SolutionProperties) = preSolution
		HideSolutionNode = FALSE
	EndGlobalSection
	GlobalSection(ExtensibilityGlobals) = postSolution
		SolutionGuid = {8858A146-19C5-4E6C-8635-721871AF0A06}
	EndGlobalSection
EndGlobal
